
Microsoft Visual Studio Solution File, Format Version 12.00
# Visual Studio Version 17
VisualStudioVersion = 17.14.36212.18 d17.14
MinimumVisualStudioVersion = 10.0.40219.1
Project("{FAE04EC0-301F-11D3-BF4B-00C04F79EFBC}") = "InventoryMilestone 2", "InventoryMilestone 2\InventoryMilestone 2.csproj", "{45267019-84B5-4ECD-B6FB-988EEEA60B82}"
EndProject
Global
	GlobalSection(SolutionConfigurationPlatforms) = preSolution
		Debug|Any CPU = Debug|Any CPU
		Release|Any CPU = Release|Any CPU
	EndGlobalSection
	GlobalSection(ProjectConfigurationPlatforms) = postSolution
		{45267019-84B5-4ECD-B6FB-988EEEA60B82}.Debug|Any CPU.ActiveCfg = Debug|Any CPU
		{45267019-84B5-4ECD-B6FB-988EEEA60B82}.Debug|Any CPU.Build.0 = Debug|Any CPU
		{45267019-84B5-4ECD-B6FB-988EEEA60B82}.Release|Any CPU.ActiveCfg = Release|Any CPU
		{45267019-84B5-4ECD-B6FB-988EEEA60B82}.Release|Any CPU.Build.0 = Release|Any CPU
	EndGlobalSection
	GlobalSection(SolutionProperties) = preSolution
		HideSolutionNode = FALSE
	EndGlobalSection
	GlobalSection(ExtensibilityGlobals) = postSolution
		SolutionGuid = {0D30C2B4-ADB3-4733-AE34-2CA7CC73B3E2}
	EndGlobalSection
EndGlobal
